// !$*UTF8*$!
{
	archiveVersion = 1;
	classes = {
	};
	objectVersion = 48;
	objects = {

/* Begin PBXBuildFile section */
		9DD4F1E02017C98500F2B2CC /* AppDelegate.swift in Sources */ = {isa = PBXBuildFile; fileRef = 9DD4F1DF2017C98500F2B2CC /* AppDelegate.swift */; };
		9DD4F1E52017C98500F2B2CC /* Main.storyboard in Resources */ = {isa = PBXBuildFile; fileRef = 9DD4F1E32017C98500F2B2CC /* Main.storyboard */; };
		9DD4F1E72017C98500F2B2CC /* Assets.xcassets in Resources */ = {isa = PBXBuildFile; fileRef = 9DD4F1E62017C98500F2B2CC /* Assets.xcassets */; };
		9DD4F1EA2017C98500F2B2CC /* LaunchScreen.storyboard in Resources */ = {isa = PBXBuildFile; fileRef = 9DD4F1E82017C98500F2B2CC /* LaunchScreen.storyboard */; };
		9DD4F1F52017C98500F2B2CC /* HelloWorldTests.swift in Sources */ = {isa = PBXBuildFile; fileRef = 9DD4F1F42017C98500F2B2CC /* HelloWorldTests.swift */; };
		9DD4F2002017C98500F2B2CC /* HelloWorldUITests.swift in Sources */ = {isa = PBXBuildFile; fileRef = 9DD4F1FF2017C98500F2B2CC /* HelloWorldUITests.swift */; };
		9DD4F20E2017CAB800F2B2CC /* HelloViewController.swift in Sources */ = {isa = PBXBuildFile; fileRef = 9DD4F20D2017CAB800F2B2CC /* HelloViewController.swift */; };
/* End PBXBuildFile section */

/* Begin PBXContainerItemProxy section */
		9DD4F1F12017C98500F2B2CC /* PBXContainerItemProxy */ = {
			isa = PBXContainerItemProxy;
			containerPortal = 9DD4F1D42017C98500F2B2CC /* Project object */;
			proxyType = 1;
			remoteGlobalIDString = 9DD4F1DB2017C98500F2B2CC;
			remoteInfo = HelloWorld;
		};
		9DD4F1FC2017C98500F2B2CC /* PBXContainerItemProxy */ = {
			isa = PBXContainerItemProxy;
			containerPortal = 9DD4F1D42017C98500F2B2CC /* Project object */;
			proxyType = 1;
			remoteGlobalIDString = 9DD4F1DB2017C98500F2B2CC;
			remoteInfo = HelloWorld;
		};
/* End PBXContainerItemProxy section */

/* Begin PBXFileReference section */
		9DD4F1DC2017C98500F2B2CC /* HelloWorld.app */ = {isa = PBXFileReference; explicitFileType = wrapper.application; includeInIndex = 0; path = HelloWorld.app; sourceTree = BUILT_PRODUCTS_DIR; };
		9DD4F1DF2017C98500F2B2CC /* AppDelegate.swift */ = {isa = PBXFileReference; lastKnownFileType = sourcecode.swift; path = AppDelegate.swift; sourceTree = "<group>"; };
		9DD4F1E42017C98500F2B2CC /* Base */ = {isa = PBXFileReference; lastKnownFileType = file.storyboard; name = Base; path = Base.lproj/Main.storyboard; sourceTree = "<group>"; };
		9DD4F1E62017C98500F2B2CC /* Assets.xcassets */ = {isa = PBXFileReference; lastKnownFileType = folder.assetcatalog; path = Assets.xcassets; sourceTree = "<group>"; };
		9DD4F1E92017C98500F2B2CC /* Base */ = {isa = PBXFileReference; lastKnownFileType = file.storyboard; name = Base; path = Base.lproj/LaunchScreen.storyboard; sourceTree = "<group>"; };
		9DD4F1EB2017C98500F2B2CC /* Info.plist */ = {isa = PBXFileReference; lastKnownFileType = text.plist.xml; path = Info.plist; sourceTree = "<group>"; };
		9DD4F1F02017C98500F2B2CC /* HelloWorldTests.xctest */ = {isa = PBXFileReference; explicitFileType = wrapper.cfbundle; includeInIndex = 0; path = HelloWorldTests.xctest; sourceTree = BUILT_PRODUCTS_DIR; };
		9DD4F1F42017C98500F2B2CC /* HelloWorldTests.swift */ = {isa = PBXFileReference; lastKnownFileType = sourcecode.swift; path = HelloWorldTests.swift; sourceTree = "<group>"; };
		9DD4F1F62017C98500F2B2CC /* Info.plist */ = {isa = PBXFileReference; lastKnownFileType = text.plist.xml; path = Info.plist; sourceTree = "<group>"; };
		9DD4F1FB2017C98500F2B2CC /* HelloWorldUITests.xctest */ = {isa = PBXFileReference; explicitFileType = wrapper.cfbundle; includeInIndex = 0; path = HelloWorldUITests.xctest; sourceTree = BUILT_PRODUCTS_DIR; };
		9DD4F1FF2017C98500F2B2CC /* HelloWorldUITests.swift */ = {isa = PBXFileReference; lastKnownFileType = sourcecode.swift; path = HelloWorldUITests.swift; sourceTree = "<group>"; };
		9DD4F2012017C98500F2B2CC /* Info.plist */ = {isa = PBXFileReference; lastKnownFileType = text.plist.xml; path = Info.plist; sourceTree = "<group>"; };
		9DD4F20D2017CAB800F2B2CC /* HelloViewController.swift */ = {isa = PBXFileReference; lastKnownFileType = sourcecode.swift; path = HelloViewController.swift; sourceTree = "<group>"; };
/* End PBXFileReference section */

/* Begin PBXFrameworksBuildPhase section */
		9DD4F1D92017C98500F2B2CC /* Frameworks */ = {
			isa = PBXFrameworksBuildPhase;
			buildActionMask = 2147483647;
			files = (
			);
			runOnlyForDeploymentPostprocessing = 0;
		};
		9DD4F1ED2017C98500F2B2CC /* Frameworks */ = {
			isa = PBXFrameworksBuildPhase;
			buildActionMask = 2147483647;
			files = (
			);
			runOnlyForDeploymentPostprocessing = 0;
		};
		9DD4F1F82017C98500F2B2CC /* Frameworks */ = {
			isa = PBXFrameworksBuildPhase;
			buildActionMask = 2147483647;
			files = (
			);
			runOnlyForDeploymentPostprocessing = 0;
		};
/* End PBXFrameworksBuildPhase section */

/* Begin PBXGroup section */
		9DD4F1D32017C98500F2B2CC = {
			isa = PBXGroup;
			children = (
				9DD4F1DE2017C98500F2B2CC /* HelloWorld */,
				9DD4F1F32017C98500F2B2CC /* HelloWorldTests */,
				9DD4F1FE2017C98500F2B2CC /* HelloWorldUITests */,
				9DD4F1DD2017C98500F2B2CC /* Products */,
			);
			sourceTree = "<group>";
		};
		9DD4F1DD2017C98500F2B2CC /* Products */ = {
			isa = PBXGroup;
			children = (
				9DD4F1DC2017C98500F2B2CC /* HelloWorld.app */,
				9DD4F1F02017C98500F2B2CC /* HelloWorldTests.xctest */,
				9DD4F1FB2017C98500F2B2CC /* HelloWorldUITests.xctest */,
			);
			name = Products;
			sourceTree = "<group>";
		};
		9DD4F1DE2017C98500F2B2CC /* HelloWorld */ = {
			isa = PBXGroup;
			children = (
				9DD4F1DF2017C98500F2B2CC /* AppDelegate.swift */,
				9DD4F1E32017C98500F2B2CC /* Main.storyboard */,
				9DD4F20D2017CAB800F2B2CC /* HelloViewController.swift */,
				9DD4F1E62017C98500F2B2CC /* Assets.xcassets */,
				9DD4F1E82017C98500F2B2CC /* LaunchScreen.storyboard */,
				9DD4F1EB2017C98500F2B2CC /* Info.plist */,
			);
			path = HelloWorld;
			sourceTree = "<group>";
		};
		9DD4F1F32017C98500F2B2CC /* HelloWorldTests */ = {
			isa = PBXGroup;
			children = (
				9DD4F1F42017C98500F2B2CC /* HelloWorldTests.swift */,
				9DD4F1F62017C98500F2B2CC /* Info.plist */,
			);
			path = HelloWorldTests;
			sourceTree = "<group>";
		};
		9DD4F1FE2017C98500F2B2CC /* HelloWorldUITests */ = {
			isa = PBXGroup;
			children = (
				9DD4F1FF2017C98500F2B2CC /* HelloWorldUITests.swift */,
				9DD4F2012017C98500F2B2CC /* Info.plist */,
			);
			path = HelloWorldUITests;
			sourceTree = "<group>";
		};
/* End PBXGroup section */

/* Begin PBXNativeTarget section */
		9DD4F1DB2017C98500F2B2CC /* HelloWorld */ = {
			isa = PBXNativeTarget;
			buildConfigurationList = 9DD4F2042017C98500F2B2CC /* Build configuration list for PBXNativeTarget "HelloWorld" */;
			buildPhases = (
				9DD4F1D82017C98500F2B2CC /* Sources */,
				9DD4F1D92017C98500F2B2CC /* Frameworks */,
				9DD4F1DA2017C98500F2B2CC /* Resources */,
			);
			buildRules = (
			);
			dependencies = (
			);
			name = HelloWorld;
			productName = HelloWorld;
			productReference = 9DD4F1DC2017C98500F2B2CC /* HelloWorld.app */;
			productType = "com.apple.product-type.application";
		};
		9DD4F1EF2017C98500F2B2CC /* HelloWorldTests */ = {
			isa = PBXNativeTarget;
			buildConfigurationList = 9DD4F2072017C98500F2B2CC /* Build configuration list for PBXNativeTarget "HelloWorldTests" */;
			buildPhases = (
				9DD4F1EC2017C98500F2B2CC /* Sources */,
				9DD4F1ED2017C98500F2B2CC /* Frameworks */,
				9DD4F1EE2017C98500F2B2CC /* Resources */,
			);
			buildRules = (
			);
			dependencies = (
				9DD4F1F22017C98500F2B2CC /* PBXTargetDependency */,
			);
			name = HelloWorldTests;
			productName = HelloWorldTests;
			productReference = 9DD4F1F02017C98500F2B2CC /* HelloWorldTests.xctest */;
			productType = "com.apple.product-type.bundle.unit-test";
		};
		9DD4F1FA2017C98500F2B2CC /* HelloWorldUITests */ = {
			isa = PBXNativeTarget;
			buildConfigurationList = 9DD4F20A2017C98500F2B2CC /* Build configuration list for PBXNativeTarget "HelloWorldUITests" */;
			buildPhases = (
				9DD4F1F72017C98500F2B2CC /* Sources */,
				9DD4F1F82017C98500F2B2CC /* Frameworks */,
				9DD4F1F92017C98500F2B2CC /* Resources */,
			);
			buildRules = (
			);
			dependencies = (
				9DD4F1FD2017C98500F2B2CC /* PBXTargetDependency */,
			);
			name = HelloWorldUITests;
			productName = HelloWorldUITests;
			productReference = 9DD4F1FB2017C98500F2B2CC /* HelloWorldUITests.xctest */;
			productType = "com.apple.product-type.bundle.ui-testing";
		};
/* End PBXNativeTarget section */

/* Begin PBXProject section */
		9DD4F1D42017C98500F2B2CC /* Project object */ = {
			isa = PBXProject;
			attributes = {
				LastSwiftUpdateCheck = 0920;
				LastUpgradeCheck = 0920;
				ORGANIZATIONNAME = "Mandy Rogers";
				TargetAttributes = {
					9DD4F1DB2017C98500F2B2CC = {
						CreatedOnToolsVersion = 9.2;
						ProvisioningStyle = Automatic;
					};
					9DD4F1EF2017C98500F2B2CC = {
						CreatedOnToolsVersion = 9.2;
						ProvisioningStyle = Automatic;
						TestTargetID = 9DD4F1DB2017C98500F2B2CC;
					};
					9DD4F1FA2017C98500F2B2CC = {
						CreatedOnToolsVersion = 9.2;
						ProvisioningStyle = Automatic;
						TestTargetID = 9DD4F1DB2017C98500F2B2CC;
					};
				};
			};
			buildConfigurationList = 9DD4F1D72017C98500F2B2CC /* Build configuration list for PBXProject "HelloWorld" */;
			compatibilityVersion = "Xcode 8.0";
			developmentRegion = en;
			hasScannedForEncodings = 0;
			knownRegions = (
				en,
				Base,
			);
			mainGroup = 9DD4F1D32017C98500F2B2CC;
			productRefGroup = 9DD4F1DD2017C98500F2B2CC /* Products */;
			projectDirPath = "";
			projectRoot = "";
			targets = (
				9DD4F1DB2017C98500F2B2CC /* HelloWorld */,
				9DD4F1EF2017C98500F2B2CC /* HelloWorldTests */,
				9DD4F1FA2017C98500F2B2CC /* HelloWorldUITests */,
			);
		};
/* End PBXProject section */

/* Begin PBXResourcesBuildPhase section */
		9DD4F1DA2017C98500F2B2CC /* Resources */ = {
			isa = PBXResourcesBuildPhase;
			buildActionMask = 2147483647;
			files = (
				9DD4F1EA2017C98500F2B2CC /* LaunchScreen.storyboard in Resources */,
				9DD4F1E72017C98500F2B2CC /* Assets.xcassets in Resources */,
				9DD4F1E52017C98500F2B2CC /* Main.storyboard in Resources */,
			);
			runOnlyForDeploymentPostprocessing = 0;
		};
		9DD4F1EE2017C98500F2B2CC /* Resources */ = {
			isa = PBXResourcesBuildPhase;
			buildActionMask = 2147483647;
			files = (
			);
			runOnlyForDeploymentPostprocessing = 0;
		};
		9DD4F1F92017C98500F2B2CC /* Resources */ = {
			isa = PBXResourcesBuildPhase;
			buildActionMask = 2147483647;
			files = (
			);
			runOnlyForDeploymentPostprocessing = 0;
		};
/* End PBXResourcesBuildPhase section */

/* Begin PBXSourcesBuildPhase section */
		9DD4F1D82017C98500F2B2CC /* Sources */ = {
			isa = PBXSourcesBuildPhase;
			buildActionMask = 2147483647;
			files = (
				9DD4F1E02017C98500F2B2CC /* AppDelegate.swift in Sources */,
				9DD4F20E2017CAB800F2B2CC /* HelloViewController.swift in Sources */,
			);
			runOnlyForDeploymentPostprocessing = 0;
		};
		9DD4F1EC2017C98500F2B2CC /* Sources */ = {
			isa = PBXSourcesBuildPhase;
			buildActionMask = 2147483647;
			files = (
				9DD4F1F52017C98500F2B2CC /* HelloWorldTests.swift in Sources */,
			);
			runOnlyForDeploymentPostprocessing = 0;
		};
		9DD4F1F72017C98500F2B2CC /* Sources */ = {
			isa = PBXSourcesBuildPhase;
			buildActionMask = 2147483647;
			files = (
				9DD4F2002017C98500F2B2CC /* HelloWorldUITests.swift in Sources */,
			);
			runOnlyForDeploymentPostprocessing = 0;
		};
/* End PBXSourcesBuildPhase section */

/* Begin PBXTargetDependency section */
		9DD4F1F22017C98500F2B2CC /* PBXTargetDependency */ = {
			isa = PBXTargetDependency;
			target = 9DD4F1DB2017C98500F2B2CC /* HelloWorld */;
			targetProxy = 9DD4F1F12017C98500F2B2CC /* PBXContainerItemProxy */;
		};
		9DD4F1FD2017C98500F2B2CC /* PBXTargetDependency */ = {
			isa = PBXTargetDependency;
			target = 9DD4F1DB2017C98500F2B2CC /* HelloWorld */;
			targetProxy = 9DD4F1FC2017C98500F2B2CC /* PBXContainerItemProxy */;
		};
/* End PBXTargetDependency section */

/* Begin PBXVariantGroup section */
		9DD4F1E32017C98500F2B2CC /* Main.storyboard */ = {
			isa = PBXVariantGroup;
			children = (
				9DD4F1E42017C98500F2B2CC /* Base */,
			);
			name = Main.storyboard;
			sourceTree = "<group>";
		};
		9DD4F1E82017C98500F2B2CC /* LaunchScreen.storyboard */ = {
			isa = PBXVariantGroup;
			children = (
				9DD4F1E92017C98500F2B2CC /* Base */,
			);
			name = LaunchScreen.storyboard;
			sourceTree = "<group>";
		};
/* End PBXVariantGroup section */

/* Begin XCBuildConfiguration section */
		9DD4F2022017C98500F2B2CC /* Debug */ = {
			isa = XCBuildConfiguration;
			buildSettings = {
				ALWAYS_SEARCH_USER_PATHS = NO;
				CLANG_ANALYZER_NONNULL = YES;
				CLANG_ANALYZER_NUMBER_OBJECT_CONVERSION = YES_AGGRESSIVE;
				CLANG_CXX_LANGUAGE_STANDARD = "gnu++14";
				CLANG_CXX_LIBRARY = "libc++";
				CLANG_ENABLE_MODULES = YES;
				CLANG_ENABLE_OBJC_ARC = YES;
				CLANG_WARN_BLOCK_CAPTURE_AUTORELEASING = YES;
				CLANG_WARN_BOOL_CONVERSION = YES;
				CLANG_WARN_COMMA = YES;
				CLANG_WARN_CONSTANT_CONVERSION = YES;
				CLANG_WARN_DIRECT_OBJC_ISA_USAGE = YES_ERROR;
				CLANG_WARN_DOCUMENTATION_COMMENTS = YES;
				CLANG_WARN_EMPTY_BODY = YES;
				CLANG_WARN_ENUM_CONVERSION = YES;
				CLANG_WARN_INFINITE_RECURSION = YES;
				CLANG_WARN_INT_CONVERSION = YES;
				CLANG_WARN_NON_LITERAL_NULL_CONVERSION = YES;
				CLANG_WARN_OBJC_LITERAL_CONVERSION = YES;
				CLANG_WARN_OBJC_ROOT_CLASS = YES_ERROR;
				CLANG_WARN_RANGE_LOOP_ANALYSIS = YES;
				CLANG_WARN_STRICT_PROTOTYPES = YES;
				CLANG_WARN_SUSPICIOUS_MOVE = YES;
				CLANG_WARN_UNGUARDED_AVAILABILITY = YES_AGGRESSIVE;
				CLANG_WARN_UNREACHABLE_CODE = YES;
				CLANG_WARN__DUPLICATE_METHOD_MATCH = YES;
				CODE_SIGN_IDENTITY = "iPhone Developer";
				COPY_PHASE_STRIP = NO;
				DEBUG_INFORMATION_FORMAT = dwarf;
				ENABLE_STRICT_OBJC_MSGSEND = YES;
				ENABLE_TESTABILITY = YES;
				GCC_C_LANGUAGE_STANDARD = gnu11;
				GCC_DYNAMIC_NO_PIC = NO;
				GCC_NO_COMMON_BLOCKS = YES;
				GCC_OPTIMIZATION_LEVEL = 0;
				GCC_PREPROCESSOR_DEFINITIONS = (
					"DEBUG=1",
					"$(inherited)",
				);
				GCC_WARN_64_TO_32_BIT_CONVERSION = YES;
				GCC_WARN_ABOUT_RETURN_TYPE = YES_ERROR;
				GCC_WARN_UNDECLARED_SELECTOR = YES;
				GCC_WARN_UNINITIALIZED_AUTOS = YES_AGGRESSIVE;
				GCC_WARN_UNUSED_FUNCTION = YES;
				GCC_WARN_UNUSED_VARIABLE = YES;
				IPHONEOS_DEPLOYMENT_TARGET = 11.2;
				MTL_ENABLE_DEBUG_INFO = YES;
				ONLY_ACTIVE_ARCH = YES;
				SDKROOT = iphoneos;
				SWIFT_ACTIVE_COMPILATION_CONDITIONS = DEBUG;
				SWIFT_OPTIMIZATION_LEVEL = "-Onone";
			};
			name = Debug;
		};
		9DD4F2032017C98500F2B2CC /* Release */ = {
			isa = XCBuildConfiguration;
			buildSettings = {
				ALWAYS_SEARCH_USER_PATHS = NO;
				CLANG_ANALYZER_NONNULL = YES;
				CLANG_ANALYZER_NUMBER_OBJECT_CONVERSION = YES_AGGRESSIVE;
				CLANG_CXX_LANGUAGE_STANDARD = "gnu++14";
				CLANG_CXX_LIBRARY = "libc++";
				CLANG_ENABLE_MODULES = YES;
				CLANG_ENABLE_OBJC_ARC = YES;
				CLANG_WARN_BLOCK_CAPTURE_AUTORELEASING = YES;
				CLANG_WARN_BOOL_CONVERSION = YES;
				CLANG_WARN_COMMA = YES;
				CLANG_WARN_CONSTANT_CONVERSION = YES;
				CLANG_WARN_DIRECT_OBJC_ISA_USAGE = YES_ERROR;
				CLANG_WARN_DOCUMENTATION_COMMENTS = YES;
				CLANG_WARN_EMPTY_BODY = YES;
				CLANG_WARN_ENUM_CONVERSION = YES;
				CLANG_WARN_INFINITE_RECURSION = YES;
				CLANG_WARN_INT_CONVERSION = YES;
				CLANG_WARN_NON_LITERAL_NULL_CONVERSION = YES;
				CLANG_WARN_OBJC_LITERAL_CONVERSION = YES;
				CLANG_WARN_OBJC_ROOT_CLASS = YES_ERROR;
				CLANG_WARN_RANGE_LOOP_ANALYSIS = YES;
				CLANG_WARN_STRICT_PROTOTYPES = YES;
				CLANG_WARN_SUSPICIOUS_MOVE = YES;
				CLANG_WARN_UNGUARDED_AVAILABILITY = YES_AGGRESSIVE;
				CLANG_WARN_UNREACHABLE_CODE = YES;
				CLANG_WARN__DUPLICATE_METHOD_MATCH = YES;
				CODE_SIGN_IDENTITY = "iPhone Developer";
				COPY_PHASE_STRIP = NO;
				DEBUG_INFORMATION_FORMAT = "dwarf-with-dsym";
				ENABLE_NS_ASSERTIONS = NO;
				ENABLE_STRICT_OBJC_MSGSEND = YES;
				GCC_C_LANGUAGE_STANDARD = gnu11;
				GCC_NO_COMMON_BLOCKS = YES;
				GCC_WARN_64_TO_32_BIT_CONVERSION = YES;
				GCC_WARN_ABOUT_RETURN_TYPE = YES_ERROR;
				GCC_WARN_UNDECLARED_SELECTOR = YES;
				GCC_WARN_UNINITIALIZED_AUTOS = YES_AGGRESSIVE;
				GCC_WARN_UNUSED_FUNCTION = YES;
				GCC_WARN_UNUSED_VARIABLE = YES;
				IPHONEOS_DEPLOYMENT_TARGET = 11.2;
				MTL_ENABLE_DEBUG_INFO = NO;
				SDKROOT = iphoneos;
				SWIFT_OPTIMIZATION_LEVEL = "-Owholemodule";
				VALIDATE_PRODUCT = YES;
			};
			name = Release;
		};
		9DD4F2052017C98500F2B2CC /* Debug */ = {
			isa = XCBuildConfiguration;
			buildSettings = {
				ASSETCATALOG_COMPILER_APPICON_NAME = AppIcon;
				CODE_SIGN_STYLE = Automatic;
				DEVELOPMENT_TEAM = CC6T32T8JP;
				INFOPLIST_FILE = HelloWorld/Info.plist;
				LD_RUNPATH_SEARCH_PATHS = "$(inherited) @executable_path/Frameworks";
				PRODUCT_BUNDLE_IDENTIFIER = com.MandyRogers.HelloWorld;
				PRODUCT_NAME = "$(TARGET_NAME)";
				SWIFT_VERSION = 4.0;
				TARGETED_DEVICE_FAMILY = "1,2";
			};
			name = Debug;
		};
		9DD4F2062017C98500F2B2CC /* Release */ = {
			isa = XCBuildConfiguration;
			buildSettings = {
				ASSETCATALOG_COMPILER_APPICON_NAME = AppIcon;
				CODE_SIGN_STYLE = Automatic;
				DEVELOPMENT_TEAM = CC6T32T8JP;
				INFOPLIST_FILE = HelloWorld/Info.plist;
				LD_RUNPATH_SEARCH_PATHS = "$(inherited) @executable_path/Frameworks";
				PRODUCT_BUNDLE_IDENTIFIER = com.MandyRogers.HelloWorld;
				PRODUCT_NAME = "$(TARGET_NAME)";
				SWIFT_VERSION = 4.0;
				TARGETED_DEVICE_FAMILY = "1,2";
			};
			name = Release;
		};
		9DD4F2082017C98500F2B2CC /* Debug */ = {
			isa = XCBuildConfiguration;
			buildSettings = {
				ALWAYS_EMBED_SWIFT_STANDARD_LIBRARIES = YES;
				BUNDLE_LOADER = "$(TEST_HOST)";
				CODE_SIGN_STYLE = Automatic;
				DEVELOPMENT_TEAM = CC6T32T8JP;
				INFOPLIST_FILE = HelloWorldTests/Info.plist;
				LD_RUNPATH_SEARCH_PATHS = "$(inherited) @executable_path/Frameworks @loader_path/Frameworks";
				PRODUCT_BUNDLE_IDENTIFIER = com.MandyRogers.HelloWorldTests;
				PRODUCT_NAME = "$(TARGET_NAME)";
				SWIFT_VERSION = 4.0;
				TARGETED_DEVICE_FAMILY = "1,2";
				TEST_HOST = "$(BUILT_PRODUCTS_DIR)/HelloWorld.app/HelloWorld";
			};
			name = Debug;
		};
		9DD4F2092017C98500F2B2CC /* Release */ = {
			isa = XCBuildConfiguration;
			buildSettings = {
				ALWAYS_EMBED_SWIFT_STANDARD_LIBRARIES = YES;
				BUNDLE_LOADER = "$(TEST_HOST)";
				CODE_SIGN_STYLE = Automatic;
				DEVELOPMENT_TEAM = CC6T32T8JP;
				INFOPLIST_FILE = HelloWorldTests/Info.plist;
				LD_RUNPATH_SEARCH_PATHS = "$(inherited) @executable_path/Frameworks @loader_path/Frameworks";
				PRODUCT_BUNDLE_IDENTIFIER = com.MandyRogers.HelloWorldTests;
				PRODUCT_NAME = "$(TARGET_NAME)";
				SWIFT_VERSION = 4.0;
				TARGETED_DEVICE_FAMILY = "1,2";
				TEST_HOST = "$(BUILT_PRODUCTS_DIR)/HelloWorld.app/HelloWorld";
			};
			name = Release;
		};
		9DD4F20B2017C98500F2B2CC /* Debug */ = {
			isa = XCBuildConfiguration;
			buildSettings = {
				ALWAYS_EMBED_SWIFT_STANDARD_LIBRARIES = YES;
				CODE_SIGN_STYLE = Automatic;
				DEVELOPMENT_TEAM = CC6T32T8JP;
				INFOPLIST_FILE = HelloWorldUITests/Info.plist;
				LD_RUNPATH_SEARCH_PATHS = "$(inherited) @executable_path/Frameworks @loader_path/Frameworks";
				PRODUCT_BUNDLE_IDENTIFIER = com.MandyRogers.HelloWorldUITests;
				PRODUCT_NAME = "$(TARGET_NAME)";
				SWIFT_VERSION = 4.0;
				TARGETED_DEVICE_FAMILY = "1,2";
				TEST_TARGET_NAME = HelloWorld;
			};
			name = Debug;
		};
		9DD4F20C2017C98500F2B2CC /* Release */ = {
			isa = XCBuildConfiguration;
			buildSettings = {
				ALWAYS_EMBED_SWIFT_STANDARD_LIBRARIES = YES;
				CODE_SIGN_STYLE = Automatic;
				DEVELOPMENT_TEAM = CC6T32T8JP;
				INFOPLIST_FILE = HelloWorldUITests/Info.plist;
				LD_RUNPATH_SEARCH_PATHS = "$(inherited) @executable_path/Frameworks @loader_path/Frameworks";
				PRODUCT_BUNDLE_IDENTIFIER = com.MandyRogers.HelloWorldUITests;
				PRODUCT_NAME = "$(TARGET_NAME)";
				SWIFT_VERSION = 4.0;
				TARGETED_DEVICE_FAMILY = "1,2";
				TEST_TARGET_NAME = HelloWorld;
			};
			name = Release;
		};
/* End XCBuildConfiguration section */

/* Begin XCConfigurationList section */
		9DD4F1D72017C98500F2B2CC /* Build configuration list for PBXProject "HelloWorld" */ = {
			isa = XCConfigurationList;
			buildConfigurations = (
				9DD4F2022017C98500F2B2CC /* Debug */,
				9DD4F2032017C98500F2B2CC /* Release */,
			);
			defaultConfigurationIsVisible = 0;
			defaultConfigurationName = Release;
		};
		9DD4F2042017C98500F2B2CC /* Build configuration list for PBXNativeTarget "HelloWorld" */ = {
			isa = XCConfigurationList;
			buildConfigurations = (
				9DD4F2052017C98500F2B2CC /* Debug */,
				9DD4F2062017C98500F2B2CC /* Release */,
			);
			defaultConfigurationIsVisible = 0;
			defaultConfigurationName = Release;
		};
		9DD4F2072017C98500F2B2CC /* Build configuration list for PBXNativeTarget "HelloWorldTests" */ = {
			isa = XCConfigurationList;
			buildConfigurations = (
				9DD4F2082017C98500F2B2CC /* Debug */,
				9DD4F2092017C98500F2B2CC /* Release */,
			);
			defaultConfigurationIsVisible = 0;
			defaultConfigurationName = Release;
		};
		9DD4F20A2017C98500F2B2CC /* Build configuration list for PBXNativeTarget "HelloWorldUITests" */ = {
			isa = XCConfigurationList;
			buildConfigurations = (
				9DD4F20B2017C98500F2B2CC /* Debug */,
				9DD4F20C2017C98500F2B2CC /* Release */,
			);
			defaultConfigurationIsVisible = 0;
			defaultConfigurationName = Release;
		};
/* End XCConfigurationList section */
	};
	rootObject = 9DD4F1D42017C98500F2B2CC /* Project object */;
}
